
Microsoft Visual Studio Solution File, Format Version 12.00
# Visual Studio Version 16
VisualStudioVersion = 16.0.30907.101
MinimumVisualStudioVersion = 10.0.40219.1
Project("{FAE04EC0-301F-11D3-BF4B-00C04F79EFBC}") = "FirstASP.NETWebApp", "FirstASP.NETWebApp.csproj", "{68309172-ECFA-4F80-A387-3FD540876AC9}"
EndProject
Global
	GlobalSection(SolutionConfigurationPlatforms) = preSolution
		Debug|Any CPU = Debug|Any CPU
		Release|Any CPU = Release|Any CPU
	EndGlobalSection
	GlobalSection(ProjectConfigurationPlatforms) = postSolution
		{68309172-ECFA-4F80-A387-3FD540876AC9}.Debug|Any CPU.ActiveCfg = Debug|Any CPU
		{68309172-ECFA-4F80-A387-3FD540876AC9}.Debug|Any CPU.Build.0 = Debug|Any CPU
		{68309172-ECFA-4F80-A387-3FD540876AC9}.Release|Any CPU.ActiveCfg = Release|Any CPU
		{68309172-ECFA-4F80-A387-3FD540876AC9}.Release|Any CPU.Build.0 = Release|Any CPU
	EndGlobalSection
	GlobalSection(SolutionProperties) = preSolution
		HideSolutionNode = FALSE
	EndGlobalSection
	GlobalSection(ExtensibilityGlobals) = postSolution
		SolutionGuid = {84D9B5C1-4DB8-48C5-9878-B06262047D2E}
	EndGlobalSection
EndGlobal
